
Microsoft Visual Studio Solution File, Format Version 12.00
# Visual Studio Version 17
VisualStudioVersion = 17.14.36915.13 d17.14
MinimumVisualStudioVersion = 10.0.40219.1
Project("{FAE04EC0-301F-11D3-BF4B-00C04F79EFBC}") = "CyberBot_Part2", "CyberBot_Part2\CyberBot_Part2.csproj", "{417006FF-184B-4D99-B76D-96B66FEE61A9}"
EndProject
Global
	GlobalSection(SolutionConfigurationPlatforms) = preSolution
		Debug|Any CPU = Debug|Any CPU
		Release|Any CPU = Release|Any CPU
	EndGlobalSection
	GlobalSection(ProjectConfigurationPlatforms) = postSolution
		{417006FF-184B-4D99-B76D-96B66FEE61A9}.Debug|Any CPU.ActiveCfg = Debug|Any CPU
		{417006FF-184B-4D99-B76D-96B66FEE61A9}.Debug|Any CPU.Build.0 = Debug|Any CPU
		{417006FF-184B-4D99-B76D-96B66FEE61A9}.Release|Any CPU.ActiveCfg = Release|Any CPU
		{417006FF-184B-4D99-B76D-96B66FEE61A9}.Release|Any CPU.Build.0 = Release|Any CPU
	EndGlobalSection
	GlobalSection(SolutionProperties) = preSolution
		HideSolutionNode = FALSE
	EndGlobalSection
	GlobalSection(ExtensibilityGlobals) = postSolution
		SolutionGuid = {7FC2C681-D712-450D-9135-12D00D73BD76}
	EndGlobalSection
EndGlobal
